
Microsoft Visual Studio Solution File, Format Version 12.00
# Visual Studio Version 17
VisualStudioVersion = 17.4.33213.308
MinimumVisualStudioVersion = 10.0.40219.1
Project("{9A19103F-16F7-4668-BE54-9A1E7A4F7556}") = "Day01", "Day01\Day01.csproj", "{1E68C1CE-BF3C-40EF-85DB-701A65812040}"
	ProjectSection(ProjectDependencies) = postProject
		{AE32DE2F-8083-4DEB-A4E4-6E693424F6C4} = {AE32DE2F-8083-4DEB-A4E4-6E693424F6C4}
	EndProjectSection
EndProject
Project("{9A19103F-16F7-4668-BE54-9A1E7A4F7556}") = "Utilities", "Utilities\Utilities.csproj", "{AE32DE2F-8083-4DEB-A4E4-6E693424F6C4}"
EndProject
Project("{9A19103F-16F7-4668-BE54-9A1E7A4F7556}") = "Day02", "Day02\Day02.csproj", "{5897ECEB-576F-441C-B7E1-B6EB2C80C257}"
EndProject
Project("{9A19103F-16F7-4668-BE54-9A1E7A4F7556}") = "Day03", "Day03\Day03.csproj", "{A3073107-922B-49EC-9DC6-3C67A74353D0}"
EndProject
Project("{9A19103F-16F7-4668-BE54-9A1E7A4F7556}") = "Day04", "Day04\Day04.csproj", "{4B6B0053-F503-4E55-AB10-1F397EE39A98}"
EndProject
Project("{9A19103F-16F7-4668-BE54-9A1E7A4F7556}") = "Day05", "Day05\Day05.csproj", "{AA856B24-A88D-4379-8FBA-DF322FD9F37C}"
EndProject
Project("{FAE04EC0-301F-11D3-BF4B-00C04F79EFBC}") = "Day06", "Day06\Day06.csproj", "{318A4581-CDAE-4639-A44E-9BB2CEEFEB4C}"
EndProject
Project("{FAE04EC0-301F-11D3-BF4B-00C04F79EFBC}") = "Day07", "Day07\Day07.csproj", "{37625ACE-C06F-40EC-9A45-88DDE6EB7A85}"
EndProject
Global
	GlobalSection(SolutionConfigurationPlatforms) = preSolution
		Debug|Any CPU = Debug|Any CPU
		Release|Any CPU = Release|Any CPU
	EndGlobalSection
	GlobalSection(ProjectConfigurationPlatforms) = postSolution
		{1E68C1CE-BF3C-40EF-85DB-701A65812040}.Debug|Any CPU.ActiveCfg = Debug|Any CPU
		{1E68C1CE-BF3C-40EF-85DB-701A65812040}.Debug|Any CPU.Build.0 = Debug|Any CPU
		{1E68C1CE-BF3C-40EF-85DB-701A65812040}.Release|Any CPU.ActiveCfg = Release|Any CPU
		{1E68C1CE-BF3C-40EF-85DB-701A65812040}.Release|Any CPU.Build.0 = Release|Any CPU
		{AE32DE2F-8083-4DEB-A4E4-6E693424F6C4}.Debug|Any CPU.ActiveCfg = Debug|Any CPU
		{AE32DE2F-8083-4DEB-A4E4-6E693424F6C4}.Debug|Any CPU.Build.0 = Debug|Any CPU
		{AE32DE2F-8083-4DEB-A4E4-6E693424F6C4}.Release|Any CPU.ActiveCfg = Release|Any CPU
		{AE32DE2F-8083-4DEB-A4E4-6E693424F6C4}.Release|Any CPU.Build.0 = Release|Any CPU
		{5897ECEB-576F-441C-B7E1-B6EB2C80C257}.Debug|Any CPU.ActiveCfg = Debug|Any CPU
		{5897ECEB-576F-441C-B7E1-B6EB2C80C257}.Debug|Any CPU.Build.0 = Debug|Any CPU
		{5897ECEB-576F-441C-B7E1-B6EB2C80C257}.Release|Any CPU.ActiveCfg = Release|Any CPU
		{5897ECEB-576F-441C-B7E1-B6EB2C80C257}.Release|Any CPU.Build.0 = Release|Any CPU
		{A3073107-922B-49EC-9DC6-3C67A74353D0}.Debug|Any CPU.ActiveCfg = Debug|Any CPU
		{A3073107-922B-49EC-9DC6-3C67A74353D0}.Debug|Any CPU.Build.0 = Debug|Any CPU
		{A3073107-922B-49EC-9DC6-3C67A74353D0}.Release|Any CPU.ActiveCfg = Release|Any CPU
		{A3073107-922B-49EC-9DC6-3C67A74353D0}.Release|Any CPU.Build.0 = Release|Any CPU
		{4B6B0053-F503-4E55-AB10-1F397EE39A98}.Debug|Any CPU.ActiveCfg = Debug|Any CPU
		{4B6B0053-F503-4E55-AB10-1F397EE39A98}.Debug|Any CPU.Build.0 = Debug|Any CPU
		{4B6B0053-F503-4E55-AB10-1F397EE39A98}.Release|Any CPU.ActiveCfg = Release|Any CPU
		{4B6B0053-F503-4E55-AB10-1F397EE39A98}.Release|Any CPU.Build.0 = Release|Any CPU
		{AA856B24-A88D-4379-8FBA-DF322FD9F37C}.Debug|Any CPU.ActiveCfg = Debug|Any CPU
		{AA856B24-A88D-4379-8FBA-DF322FD9F37C}.Debug|Any CPU.Build.0 = Debug|Any CPU
		{AA856B24-A88D-4379-8FBA-DF322FD9F37C}.Release|Any CPU.ActiveCfg = Release|Any CPU
		{AA856B24-A88D-4379-8FBA-DF322FD9F37C}.Release|Any CPU.Build.0 = Release|Any CPU
		{318A4581-CDAE-4639-A44E-9BB2CEEFEB4C}.Debug|Any CPU.ActiveCfg = Debug|Any CPU
		{318A4581-CDAE-4639-A44E-9BB2CEEFEB4C}.Debug|Any CPU.Build.0 = Debug|Any CPU
		{318A4581-CDAE-4639-A44E-9BB2CEEFEB4C}.Release|Any CPU.ActiveCfg = Release|Any CPU
		{318A4581-CDAE-4639-A44E-9BB2CEEFEB4C}.Release|Any CPU.Build.0 = Release|Any CPU
		{37625ACE-C06F-40EC-9A45-88DDE6EB7A85}.Debug|Any CPU.ActiveCfg = Debug|Any CPU
		{37625ACE-C06F-40EC-9A45-88DDE6EB7A85}.Debug|Any CPU.Build.0 = Debug|Any CPU
		{37625ACE-C06F-40EC-9A45-88DDE6EB7A85}.Release|Any CPU.ActiveCfg = Release|Any CPU
		{37625ACE-C06F-40EC-9A45-88DDE6EB7A85}.Release|Any CPU.Build.0 = Release|Any CPU
	EndGlobalSection
	GlobalSection(SolutionProperties) = preSolution
		HideSolutionNode = FALSE
	EndGlobalSection
	GlobalSection(ExtensibilityGlobals) = postSolution
		SolutionGuid = {9A065884-37D7-4B62-8A4B-0A0D4288ED79}
	EndGlobalSection
EndGlobal
