
Microsoft Visual Studio Solution File, Format Version 12.00
# Visual Studio Version 17
VisualStudioVersion = 17.4.33213.308
MinimumVisualStudioVersion = 10.0.40219.1
Project("{9A19103F-16F7-4668-BE54-9A1E7A4F7556}") = "Day01", "Day01\Day01.csproj", "{1E68C1CE-BF3C-40EF-85DB-701A65812040}"
	ProjectSection(ProjectDependencies) = postProject
		{AE32DE2F-8083-4DEB-A4E4-6E693424F6C4} = {AE32DE2F-8083-4DEB-A4E4-6E693424F6C4}
	EndProjectSection
EndProject
Project("{9A19103F-16F7-4668-BE54-9A1E7A4F7556}") = "Utilities", "Utilities\Utilities.csproj", "{AE32DE2F-8083-4DEB-A4E4-6E693424F6C4}"
EndProject
Project("{9A19103F-16F7-4668-BE54-9A1E7A4F7556}") = "Day02", "Day02\Day02.csproj", "{ED6AFBBE-49D5-4CBB-BE23-04B0DA829B6C}"
EndProject
Project("{9A19103F-16F7-4668-BE54-9A1E7A4F7556}") = "Day03", "Day03\Day03.csproj", "{519BE3A6-F71F-4B0E-B8B2-49692818B531}"
EndProject
Project("{9A19103F-16F7-4668-BE54-9A1E7A4F7556}") = "Day04", "Day04\Day04.csproj", "{9DC4C657-1FAA-47EF-96A4-AE7C9D219FAE}"
EndProject
Project("{FAE04EC0-301F-11D3-BF4B-00C04F79EFBC}") = "Day05", "Day05\Day05.csproj", "{85706BC2-8AEC-4C28-AC03-A08ACF7FC78E}"
EndProject
Project("{FAE04EC0-301F-11D3-BF4B-00C04F79EFBC}") = "Day06", "Day06\Day06.csproj", "{B19C7A1E-A430-4173-846D-4D17E474E7A6}"
EndProject
Global
	GlobalSection(SolutionConfigurationPlatforms) = preSolution
		Debug|Any CPU = Debug|Any CPU
		Release|Any CPU = Release|Any CPU
	EndGlobalSection
	GlobalSection(ProjectConfigurationPlatforms) = postSolution
		{1E68C1CE-BF3C-40EF-85DB-701A65812040}.Debug|Any CPU.ActiveCfg = Debug|Any CPU
		{1E68C1CE-BF3C-40EF-85DB-701A65812040}.Debug|Any CPU.Build.0 = Debug|Any CPU
		{1E68C1CE-BF3C-40EF-85DB-701A65812040}.Release|Any CPU.ActiveCfg = Release|Any CPU
		{1E68C1CE-BF3C-40EF-85DB-701A65812040}.Release|Any CPU.Build.0 = Release|Any CPU
		{AE32DE2F-8083-4DEB-A4E4-6E693424F6C4}.Debug|Any CPU.ActiveCfg = Debug|Any CPU
		{AE32DE2F-8083-4DEB-A4E4-6E693424F6C4}.Debug|Any CPU.Build.0 = Debug|Any CPU
		{AE32DE2F-8083-4DEB-A4E4-6E693424F6C4}.Release|Any CPU.ActiveCfg = Release|Any CPU
		{AE32DE2F-8083-4DEB-A4E4-6E693424F6C4}.Release|Any CPU.Build.0 = Release|Any CPU
		{ED6AFBBE-49D5-4CBB-BE23-04B0DA829B6C}.Debug|Any CPU.ActiveCfg = Debug|Any CPU
		{ED6AFBBE-49D5-4CBB-BE23-04B0DA829B6C}.Debug|Any CPU.Build.0 = Debug|Any CPU
		{ED6AFBBE-49D5-4CBB-BE23-04B0DA829B6C}.Release|Any CPU.ActiveCfg = Release|Any CPU
		{ED6AFBBE-49D5-4CBB-BE23-04B0DA829B6C}.Release|Any CPU.Build.0 = Release|Any CPU
		{519BE3A6-F71F-4B0E-B8B2-49692818B531}.Debug|Any CPU.ActiveCfg = Debug|Any CPU
		{519BE3A6-F71F-4B0E-B8B2-49692818B531}.Debug|Any CPU.Build.0 = Debug|Any CPU
		{519BE3A6-F71F-4B0E-B8B2-49692818B531}.Release|Any CPU.ActiveCfg = Release|Any CPU
		{519BE3A6-F71F-4B0E-B8B2-49692818B531}.Release|Any CPU.Build.0 = Release|Any CPU
		{9DC4C657-1FAA-47EF-96A4-AE7C9D219FAE}.Debug|Any CPU.ActiveCfg = Debug|Any CPU
		{9DC4C657-1FAA-47EF-96A4-AE7C9D219FAE}.Debug|Any CPU.Build.0 = Debug|Any CPU
		{9DC4C657-1FAA-47EF-96A4-AE7C9D219FAE}.Release|Any CPU.ActiveCfg = Release|Any CPU
		{9DC4C657-1FAA-47EF-96A4-AE7C9D219FAE}.Release|Any CPU.Build.0 = Release|Any CPU
		{85706BC2-8AEC-4C28-AC03-A08ACF7FC78E}.Debug|Any CPU.ActiveCfg = Debug|Any CPU
		{85706BC2-8AEC-4C28-AC03-A08ACF7FC78E}.Debug|Any CPU.Build.0 = Debug|Any CPU
		{85706BC2-8AEC-4C28-AC03-A08ACF7FC78E}.Release|Any CPU.ActiveCfg = Release|Any CPU
		{85706BC2-8AEC-4C28-AC03-A08ACF7FC78E}.Release|Any CPU.Build.0 = Release|Any CPU
		{B19C7A1E-A430-4173-846D-4D17E474E7A6}.Debug|Any CPU.ActiveCfg = Debug|Any CPU
		{B19C7A1E-A430-4173-846D-4D17E474E7A6}.Debug|Any CPU.Build.0 = Debug|Any CPU
		{B19C7A1E-A430-4173-846D-4D17E474E7A6}.Release|Any CPU.ActiveCfg = Release|Any CPU
		{B19C7A1E-A430-4173-846D-4D17E474E7A6}.Release|Any CPU.Build.0 = Release|Any CPU
	EndGlobalSection
	GlobalSection(SolutionProperties) = preSolution
		HideSolutionNode = FALSE
	EndGlobalSection
	GlobalSection(ExtensibilityGlobals) = postSolution
		SolutionGuid = {9A065884-37D7-4B62-8A4B-0A0D4288ED79}
	EndGlobalSection
EndGlobal
